
Microsoft Visual Studio Solution File, Format Version 9.00
# Visual Studio 2005
Project("{6989167D-11E4-40FE-8C1A-2192A86A7E90}") = "Console1", "Console1\Console1.vfproj", "{CD2235F0-6B7A-483A-AABF-46A7D132EF54}"
EndProject
Global
	GlobalSection(SolutionConfigurationPlatforms) = preSolution
		Debug|Win32 = Debug|Win32
		Release|Win32 = Release|Win32
	EndGlobalSection
	GlobalSection(ProjectConfigurationPlatforms) = postSolution
		{CD2235F0-6B7A-483A-AABF-46A7D132EF54}.Debug|Win32.ActiveCfg = Debug|Win32
		{CD2235F0-6B7A-483A-AABF-46A7D132EF54}.Debug|Win32.Build.0 = Debug|Win32
		{CD2235F0-6B7A-483A-AABF-46A7D132EF54}.Release|Win32.ActiveCfg = Release|Win32
		{CD2235F0-6B7A-483A-AABF-46A7D132EF54}.Release|Win32.Build.0 = Release|Win32
	EndGlobalSection
	GlobalSection(SolutionProperties) = preSolution
		HideSolutionNode = FALSE
	EndGlobalSection
EndGlobal
